
Microsoft Visual Studio Solution File, Format Version 12.00
# Visual Studio Version 17
VisualStudioVersion = 17.4.33122.133
MinimumVisualStudioVersion = 10.0.40219.1
Project("{FAE04EC0-301F-11D3-BF4B-00C04F79EFBC}") = "SnakeGame", "SnakeGame\SnakeGame.csproj", "{B82908E4-F4AA-44D6-ABC4-26DA984A87F4}"
EndProject
Project("{FAE04EC0-301F-11D3-BF4B-00C04F79EFBC}") = "WpfSnakeGame", "WpfSnakeGame\WpfSnakeGame.csproj", "{88343ACD-BEA8-4FCC-A443-F57EA181655F}"
EndProject
Global
	GlobalSection(SolutionConfigurationPlatforms) = preSolution
		Debug|Any CPU = Debug|Any CPU
		Release|Any CPU = Release|Any CPU
	EndGlobalSection
	GlobalSection(ProjectConfigurationPlatforms) = postSolution
		{B82908E4-F4AA-44D6-ABC4-26DA984A87F4}.Debug|Any CPU.ActiveCfg = Debug|Any CPU
		{B82908E4-F4AA-44D6-ABC4-26DA984A87F4}.Debug|Any CPU.Build.0 = Debug|Any CPU
		{B82908E4-F4AA-44D6-ABC4-26DA984A87F4}.Release|Any CPU.ActiveCfg = Release|Any CPU
		{B82908E4-F4AA-44D6-ABC4-26DA984A87F4}.Release|Any CPU.Build.0 = Release|Any CPU
		{88343ACD-BEA8-4FCC-A443-F57EA181655F}.Debug|Any CPU.ActiveCfg = Debug|Any CPU
		{88343ACD-BEA8-4FCC-A443-F57EA181655F}.Debug|Any CPU.Build.0 = Debug|Any CPU
		{88343ACD-BEA8-4FCC-A443-F57EA181655F}.Release|Any CPU.ActiveCfg = Release|Any CPU
		{88343ACD-BEA8-4FCC-A443-F57EA181655F}.Release|Any CPU.Build.0 = Release|Any CPU
	EndGlobalSection
	GlobalSection(SolutionProperties) = preSolution
		HideSolutionNode = FALSE
	EndGlobalSection
	GlobalSection(ExtensibilityGlobals) = postSolution
		SolutionGuid = {099441E5-29CF-483A-9BA3-E83A44C52018}
	EndGlobalSection
EndGlobal
