
Microsoft Visual Studio Solution File, Format Version 12.00
# Visual Studio Version 17
VisualStudioVersion = 17.4.33122.133
MinimumVisualStudioVersion = 10.0.40219.1
Project("{9A19103F-16F7-4668-BE54-9A1E7A4F7556}") = "SnakeNet6", "Snake.NET6\SnakeNet6.csproj", "{C6B7AD52-D662-4C51-AC7B-A51D6B481EA8}"
EndProject
Project("{FAE04EC0-301F-11D3-BF4B-00C04F79EFBC}") = "SnakeElement", "SnakeElement\SnakeElement.csproj", "{0791BAED-8775-4B31-B77A-47106861427E}"
EndProject
Project("{FAE04EC0-301F-11D3-BF4B-00C04F79EFBC}") = "FoodElement", "FoodElement\FoodElement.csproj", "{1FF785E9-9D4C-413F-9074-6F31F660FAB2}"
EndProject
Project("{FAE04EC0-301F-11D3-BF4B-00C04F79EFBC}") = "EnvironmentElement", "Environment\EnvironmentElement.csproj", "{2D728EE6-C69A-479E-A35C-AFDCA3F40E17}"
EndProject
Project("{FAE04EC0-301F-11D3-BF4B-00C04F79EFBC}") = "UnitTests", "UnitTests\UnitTests.csproj", "{50931D44-862F-42A6-9289-D0B8E420A797}"
EndProject
Global
	GlobalSection(SolutionConfigurationPlatforms) = preSolution
		Debug|Any CPU = Debug|Any CPU
		Release|Any CPU = Release|Any CPU
	EndGlobalSection
	GlobalSection(ProjectConfigurationPlatforms) = postSolution
		{C6B7AD52-D662-4C51-AC7B-A51D6B481EA8}.Debug|Any CPU.ActiveCfg = Debug|Any CPU
		{C6B7AD52-D662-4C51-AC7B-A51D6B481EA8}.Debug|Any CPU.Build.0 = Debug|Any CPU
		{C6B7AD52-D662-4C51-AC7B-A51D6B481EA8}.Release|Any CPU.ActiveCfg = Release|Any CPU
		{C6B7AD52-D662-4C51-AC7B-A51D6B481EA8}.Release|Any CPU.Build.0 = Release|Any CPU
		{0791BAED-8775-4B31-B77A-47106861427E}.Debug|Any CPU.ActiveCfg = Debug|Any CPU
		{0791BAED-8775-4B31-B77A-47106861427E}.Debug|Any CPU.Build.0 = Debug|Any CPU
		{0791BAED-8775-4B31-B77A-47106861427E}.Release|Any CPU.ActiveCfg = Release|Any CPU
		{0791BAED-8775-4B31-B77A-47106861427E}.Release|Any CPU.Build.0 = Release|Any CPU
		{1FF785E9-9D4C-413F-9074-6F31F660FAB2}.Debug|Any CPU.ActiveCfg = Debug|Any CPU
		{1FF785E9-9D4C-413F-9074-6F31F660FAB2}.Debug|Any CPU.Build.0 = Debug|Any CPU
		{1FF785E9-9D4C-413F-9074-6F31F660FAB2}.Release|Any CPU.ActiveCfg = Release|Any CPU
		{1FF785E9-9D4C-413F-9074-6F31F660FAB2}.Release|Any CPU.Build.0 = Release|Any CPU
		{2D728EE6-C69A-479E-A35C-AFDCA3F40E17}.Debug|Any CPU.ActiveCfg = Debug|Any CPU
		{2D728EE6-C69A-479E-A35C-AFDCA3F40E17}.Debug|Any CPU.Build.0 = Debug|Any CPU
		{2D728EE6-C69A-479E-A35C-AFDCA3F40E17}.Release|Any CPU.ActiveCfg = Release|Any CPU
		{2D728EE6-C69A-479E-A35C-AFDCA3F40E17}.Release|Any CPU.Build.0 = Release|Any CPU
		{50931D44-862F-42A6-9289-D0B8E420A797}.Debug|Any CPU.ActiveCfg = Debug|Any CPU
		{50931D44-862F-42A6-9289-D0B8E420A797}.Debug|Any CPU.Build.0 = Debug|Any CPU
		{50931D44-862F-42A6-9289-D0B8E420A797}.Release|Any CPU.ActiveCfg = Release|Any CPU
		{50931D44-862F-42A6-9289-D0B8E420A797}.Release|Any CPU.Build.0 = Release|Any CPU
	EndGlobalSection
	GlobalSection(SolutionProperties) = preSolution
		HideSolutionNode = FALSE
	EndGlobalSection
	GlobalSection(ExtensibilityGlobals) = postSolution
		SolutionGuid = {099441E5-29CF-483A-9BA3-E83A44C52018}
	EndGlobalSection
EndGlobal
